
Microsoft Visual Studio Solution File, Format Version 12.00
# Visual Studio Version 16
VisualStudioVersion = 25.0.1704.2
MinimumVisualStudioVersion = 10.0.40219.1
Project("{FAE04EC0-301F-11D3-BF4B-00C04F79EFBC}") = "Warmup-teamb-backend", "Warmup-teamb-backend\Warmup-teamb-backend.csproj", "{205B9BC4-23A5-4A26-9507-771ED660A06A}"
EndProject
Global
	GlobalSection(SolutionConfigurationPlatforms) = preSolution
		Debug|Any CPU = Debug|Any CPU
		Release|Any CPU = Release|Any CPU
	EndGlobalSection
	GlobalSection(ProjectConfigurationPlatforms) = postSolution
		{205B9BC4-23A5-4A26-9507-771ED660A06A}.Debug|Any CPU.ActiveCfg = Debug|Any CPU
		{205B9BC4-23A5-4A26-9507-771ED660A06A}.Debug|Any CPU.Build.0 = Debug|Any CPU
		{205B9BC4-23A5-4A26-9507-771ED660A06A}.Release|Any CPU.ActiveCfg = Release|Any CPU
		{205B9BC4-23A5-4A26-9507-771ED660A06A}.Release|Any CPU.Build.0 = Release|Any CPU
	EndGlobalSection
	GlobalSection(SolutionProperties) = preSolution
		HideSolutionNode = FALSE
	EndGlobalSection
	GlobalSection(ExtensibilityGlobals) = postSolution
		SolutionGuid = {51F78519-FA2B-4141-8D62-B1A7DE0E5102}
	EndGlobalSection
EndGlobal
